
Microsoft Visual Studio Solution File, Format Version 12.00
# Visual Studio 15
VisualStudioVersion = 15.0.28010.2016
MinimumVisualStudioVersion = 10.0.40219.1
Project("{9A19103F-16F7-4668-BE54-9A1E7A4F7556}") = "Implicitify", "Implicitify\Implicitify.csproj", "{7B125760-2FD7-4207-98E7-9F43A5FB10E5}"
EndProject
Project("{9A19103F-16F7-4668-BE54-9A1E7A4F7556}") = "Implicitify.Tests", "Implicitify.Tests\Implicitify.Tests.csproj", "{76D66B25-BC74-4532-A716-9F2D389A32EE}"
EndProject
Global
	GlobalSection(SolutionConfigurationPlatforms) = preSolution
		Debug|Any CPU = Debug|Any CPU
		Release|Any CPU = Release|Any CPU
	EndGlobalSection
	GlobalSection(ProjectConfigurationPlatforms) = postSolution
		{7B125760-2FD7-4207-98E7-9F43A5FB10E5}.Debug|Any CPU.ActiveCfg = Debug|Any CPU
		{7B125760-2FD7-4207-98E7-9F43A5FB10E5}.Debug|Any CPU.Build.0 = Debug|Any CPU
		{7B125760-2FD7-4207-98E7-9F43A5FB10E5}.Release|Any CPU.ActiveCfg = Release|Any CPU
		{7B125760-2FD7-4207-98E7-9F43A5FB10E5}.Release|Any CPU.Build.0 = Release|Any CPU
		{76D66B25-BC74-4532-A716-9F2D389A32EE}.Debug|Any CPU.ActiveCfg = Debug|Any CPU
		{76D66B25-BC74-4532-A716-9F2D389A32EE}.Debug|Any CPU.Build.0 = Debug|Any CPU
		{76D66B25-BC74-4532-A716-9F2D389A32EE}.Release|Any CPU.ActiveCfg = Release|Any CPU
		{76D66B25-BC74-4532-A716-9F2D389A32EE}.Release|Any CPU.Build.0 = Release|Any CPU
	EndGlobalSection
	GlobalSection(SolutionProperties) = preSolution
		HideSolutionNode = FALSE
	EndGlobalSection
	GlobalSection(ExtensibilityGlobals) = postSolution
		SolutionGuid = {01DE0816-4E75-450F-9BAF-21DE66A7C149}
	EndGlobalSection
EndGlobal
